// !$*UTF8*$!
{
	archiveVersion = 1;
	classes = {
	};
	objectVersion = 46;
	objects = {

/* Begin PBXBuildFile section */
		BB17AF401DC8A64100698B23 /* PlaySoundsViewController+Audio.swift in Sources */ = {isa = PBXBuildFile; fileRef = BB17AF3F1DC8A64100698B23 /* PlaySoundsViewController+Audio.swift */; };
		C2B7A5FA1C7AB6D40083A7B0 /* AppDelegate.swift in Sources */ = {isa = PBXBuildFile; fileRef = C2B7A5F91C7AB6D40083A7B0 /* AppDelegate.swift */; };
		C2B7A5FC1C7AB6D40083A7B0 /* RecordSoundsViewController.swift in Sources */ = {isa = PBXBuildFile; fileRef = C2B7A5FB1C7AB6D40083A7B0 /* RecordSoundsViewController.swift */; };
		C2B7A5FF1C7AB6D40083A7B0 /* Main.storyboard in Resources */ = {isa = PBXBuildFile; fileRef = C2B7A5FD1C7AB6D40083A7B0 /* Main.storyboard */; };
		C2B7A6011C7AB6D40083A7B0 /* Assets.xcassets in Resources */ = {isa = PBXBuildFile; fileRef = C2B7A6001C7AB6D40083A7B0 /* Assets.xcassets */; };
		C2B7A6041C7AB6D40083A7B0 /* LaunchScreen.storyboard in Resources */ = {isa = PBXBuildFile; fileRef = C2B7A6021C7AB6D40083A7B0 /* LaunchScreen.storyboard */; };
		C2B7A60F1C7AB6D40083A7B0 /* Pitch_PerfectTests.swift in Sources */ = {isa = PBXBuildFile; fileRef = C2B7A60E1C7AB6D40083A7B0 /* Pitch_PerfectTests.swift */; };
		C2B7A61A1C7AB6D40083A7B0 /* Pitch_PerfectUITests.swift in Sources */ = {isa = PBXBuildFile; fileRef = C2B7A6191C7AB6D40083A7B0 /* Pitch_PerfectUITests.swift */; };
		C2B7A6281C7AC7C80083A7B0 /* PlaySoundsViewController.swift in Sources */ = {isa = PBXBuildFile; fileRef = C2B7A6271C7AC7C80083A7B0 /* PlaySoundsViewController.swift */; };
/* End PBXBuildFile section */

/* Begin PBXContainerItemProxy section */
		C2B7A60B1C7AB6D40083A7B0 /* PBXContainerItemProxy */ = {
			isa = PBXContainerItemProxy;
			containerPortal = C2B7A5EE1C7AB6D30083A7B0 /* Project object */;
			proxyType = 1;
			remoteGlobalIDString = C2B7A5F51C7AB6D30083A7B0;
			remoteInfo = "Pitch Perfect";
		};
		C2B7A6161C7AB6D40083A7B0 /* PBXContainerItemProxy */ = {
			isa = PBXContainerItemProxy;
			containerPortal = C2B7A5EE1C7AB6D30083A7B0 /* Project object */;
			proxyType = 1;
			remoteGlobalIDString = C2B7A5F51C7AB6D30083A7B0;
			remoteInfo = "Pitch Perfect";
		};
/* End PBXContainerItemProxy section */

/* Begin PBXFileReference section */
		BB17AF3F1DC8A64100698B23 /* PlaySoundsViewController+Audio.swift */ = {isa = PBXFileReference; fileEncoding = 4; lastKnownFileType = sourcecode.swift; path = "PlaySoundsViewController+Audio.swift"; sourceTree = "<group>"; };
		C2B7A5F61C7AB6D40083A7B0 /* Pitch Perfect.app */ = {isa = PBXFileReference; explicitFileType = wrapper.application; includeInIndex = 0; path = "Pitch Perfect.app"; sourceTree = BUILT_PRODUCTS_DIR; };
		C2B7A5F91C7AB6D40083A7B0 /* AppDelegate.swift */ = {isa = PBXFileReference; lastKnownFileType = sourcecode.swift; path = AppDelegate.swift; sourceTree = "<group>"; };
		C2B7A5FB1C7AB6D40083A7B0 /* RecordSoundsViewController.swift */ = {isa = PBXFileReference; lastKnownFileType = sourcecode.swift; path = RecordSoundsViewController.swift; sourceTree = "<group>"; };
		C2B7A5FE1C7AB6D40083A7B0 /* Base */ = {isa = PBXFileReference; lastKnownFileType = file.storyboard; name = Base; path = Base.lproj/Main.storyboard; sourceTree = "<group>"; };
		C2B7A6001C7AB6D40083A7B0 /* Assets.xcassets */ = {isa = PBXFileReference; lastKnownFileType = folder.assetcatalog; path = Assets.xcassets; sourceTree = "<group>"; };
		C2B7A6031C7AB6D40083A7B0 /* Base */ = {isa = PBXFileReference; lastKnownFileType = file.storyboard; name = Base; path = Base.lproj/LaunchScreen.storyboard; sourceTree = "<group>"; };
		C2B7A6051C7AB6D40083A7B0 /* Info.plist */ = {isa = PBXFileReference; lastKnownFileType = text.plist.xml; path = Info.plist; sourceTree = "<group>"; };
		C2B7A60A1C7AB6D40083A7B0 /* Pitch PerfectTests.xctest */ = {isa = PBXFileReference; explicitFileType = wrapper.cfbundle; includeInIndex = 0; path = "Pitch PerfectTests.xctest"; sourceTree = BUILT_PRODUCTS_DIR; };
		C2B7A60E1C7AB6D40083A7B0 /* Pitch_PerfectTests.swift */ = {isa = PBXFileReference; lastKnownFileType = sourcecode.swift; path = Pitch_PerfectTests.swift; sourceTree = "<group>"; };
		C2B7A6101C7AB6D40083A7B0 /* Info.plist */ = {isa = PBXFileReference; lastKnownFileType = text.plist.xml; path = Info.plist; sourceTree = "<group>"; };
		C2B7A6151C7AB6D40083A7B0 /* Pitch PerfectUITests.xctest */ = {isa = PBXFileReference; explicitFileType = wrapper.cfbundle; includeInIndex = 0; path = "Pitch PerfectUITests.xctest"; sourceTree = BUILT_PRODUCTS_DIR; };
		C2B7A6191C7AB6D40083A7B0 /* Pitch_PerfectUITests.swift */ = {isa = PBXFileReference; lastKnownFileType = sourcecode.swift; path = Pitch_PerfectUITests.swift; sourceTree = "<group>"; };
		C2B7A61B1C7AB6D40083A7B0 /* Info.plist */ = {isa = PBXFileReference; lastKnownFileType = text.plist.xml; path = Info.plist; sourceTree = "<group>"; };
		C2B7A6271C7AC7C80083A7B0 /* PlaySoundsViewController.swift */ = {isa = PBXFileReference; fileEncoding = 4; lastKnownFileType = sourcecode.swift; path = PlaySoundsViewController.swift; sourceTree = "<group>"; };
/* End PBXFileReference section */

/* Begin PBXFrameworksBuildPhase section */
		C2B7A5F31C7AB6D30083A7B0 /* Frameworks */ = {
			isa = PBXFrameworksBuildPhase;
			buildActionMask = 2147483647;
			files = (
			);
			runOnlyForDeploymentPostprocessing = 0;
		};
		C2B7A6071C7AB6D40083A7B0 /* Frameworks */ = {
			isa = PBXFrameworksBuildPhase;
			buildActionMask = 2147483647;
			files = (
			);
			runOnlyForDeploymentPostprocessing = 0;
		};
		C2B7A6121C7AB6D40083A7B0 /* Frameworks */ = {
			isa = PBXFrameworksBuildPhase;
			buildActionMask = 2147483647;
			files = (
			);
			runOnlyForDeploymentPostprocessing = 0;
		};
/* End PBXFrameworksBuildPhase section */

/* Begin PBXGroup section */
		C2B7A5ED1C7AB6D30083A7B0 = {
			isa = PBXGroup;
			children = (
				C2B7A5F81C7AB6D40083A7B0 /* Pitch Perfect */,
				C2B7A60D1C7AB6D40083A7B0 /* Pitch PerfectTests */,
				C2B7A6181C7AB6D40083A7B0 /* Pitch PerfectUITests */,
				C2B7A5F71C7AB6D40083A7B0 /* Products */,
			);
			sourceTree = "<group>";
		};
		C2B7A5F71C7AB6D40083A7B0 /* Products */ = {
			isa = PBXGroup;
			children = (
				C2B7A5F61C7AB6D40083A7B0 /* Pitch Perfect.app */,
				C2B7A60A1C7AB6D40083A7B0 /* Pitch PerfectTests.xctest */,
				C2B7A6151C7AB6D40083A7B0 /* Pitch PerfectUITests.xctest */,
			);
			name = Products;
			sourceTree = "<group>";
		};
		C2B7A5F81C7AB6D40083A7B0 /* Pitch Perfect */ = {
			isa = PBXGroup;
			children = (
				C2B7A5F91C7AB6D40083A7B0 /* AppDelegate.swift */,
				C2B7A5FB1C7AB6D40083A7B0 /* RecordSoundsViewController.swift */,
				C2B7A5FD1C7AB6D40083A7B0 /* Main.storyboard */,
				C2B7A6001C7AB6D40083A7B0 /* Assets.xcassets */,
				C2B7A6021C7AB6D40083A7B0 /* LaunchScreen.storyboard */,
				C2B7A6051C7AB6D40083A7B0 /* Info.plist */,
				BB17AF3F1DC8A64100698B23 /* PlaySoundsViewController+Audio.swift */,
				C2B7A6271C7AC7C80083A7B0 /* PlaySoundsViewController.swift */,
			);
			path = "Pitch Perfect";
			sourceTree = "<group>";
		};
		C2B7A60D1C7AB6D40083A7B0 /* Pitch PerfectTests */ = {
			isa = PBXGroup;
			children = (
				C2B7A60E1C7AB6D40083A7B0 /* Pitch_PerfectTests.swift */,
				C2B7A6101C7AB6D40083A7B0 /* Info.plist */,
			);
			path = "Pitch PerfectTests";
			sourceTree = "<group>";
		};
		C2B7A6181C7AB6D40083A7B0 /* Pitch PerfectUITests */ = {
			isa = PBXGroup;
			children = (
				C2B7A6191C7AB6D40083A7B0 /* Pitch_PerfectUITests.swift */,
				C2B7A61B1C7AB6D40083A7B0 /* Info.plist */,
			);
			path = "Pitch PerfectUITests";
			sourceTree = "<group>";
		};
/* End PBXGroup section */

/* Begin PBXNativeTarget section */
		C2B7A5F51C7AB6D30083A7B0 /* Pitch Perfect */ = {
			isa = PBXNativeTarget;
			buildConfigurationList = C2B7A61E1C7AB6D40083A7B0 /* Build configuration list for PBXNativeTarget "Pitch Perfect" */;
			buildPhases = (
				C2B7A5F21C7AB6D30083A7B0 /* Sources */,
				C2B7A5F31C7AB6D30083A7B0 /* Frameworks */,
				C2B7A5F41C7AB6D30083A7B0 /* Resources */,
			);
			buildRules = (
			);
			dependencies = (
			);
			name = "Pitch Perfect";
			productName = "Pitch Perfect";
			productReference = C2B7A5F61C7AB6D40083A7B0 /* Pitch Perfect.app */;
			productType = "com.apple.product-type.application";
		};
		C2B7A6091C7AB6D40083A7B0 /* Pitch PerfectTests */ = {
			isa = PBXNativeTarget;
			buildConfigurationList = C2B7A6211C7AB6D40083A7B0 /* Build configuration list for PBXNativeTarget "Pitch PerfectTests" */;
			buildPhases = (
				C2B7A6061C7AB6D40083A7B0 /* Sources */,
				C2B7A6071C7AB6D40083A7B0 /* Frameworks */,
				C2B7A6081C7AB6D40083A7B0 /* Resources */,
			);
			buildRules = (
			);
			dependencies = (
				C2B7A60C1C7AB6D40083A7B0 /* PBXTargetDependency */,
			);
			name = "Pitch PerfectTests";
			productName = "Pitch PerfectTests";
			productReference = C2B7A60A1C7AB6D40083A7B0 /* Pitch PerfectTests.xctest */;
			productType = "com.apple.product-type.bundle.unit-test";
		};
		C2B7A6141C7AB6D40083A7B0 /* Pitch PerfectUITests */ = {
			isa = PBXNativeTarget;
			buildConfigurationList = C2B7A6241C7AB6D40083A7B0 /* Build configuration list for PBXNativeTarget "Pitch PerfectUITests" */;
			buildPhases = (
				C2B7A6111C7AB6D40083A7B0 /* Sources */,
				C2B7A6121C7AB6D40083A7B0 /* Frameworks */,
				C2B7A6131C7AB6D40083A7B0 /* Resources */,
			);
			buildRules = (
			);
			dependencies = (
				C2B7A6171C7AB6D40083A7B0 /* PBXTargetDependency */,
			);
			name = "Pitch PerfectUITests";
			productName = "Pitch PerfectUITests";
			productReference = C2B7A6151C7AB6D40083A7B0 /* Pitch PerfectUITests.xctest */;
			productType = "com.apple.product-type.bundle.ui-testing";
		};
/* End PBXNativeTarget section */

/* Begin PBXProject section */
		C2B7A5EE1C7AB6D30083A7B0 /* Project object */ = {
			isa = PBXProject;
			attributes = {
				LastSwiftUpdateCheck = 0720;
				LastUpgradeCheck = 0720;
				ORGANIZATIONNAME = "Chintan Shah";
				TargetAttributes = {
					C2B7A5F51C7AB6D30083A7B0 = {
						CreatedOnToolsVersion = 7.2;
						DevelopmentTeam = J5VXE76EPL;
						LastSwiftMigration = 0810;
					};
					C2B7A6091C7AB6D40083A7B0 = {
						CreatedOnToolsVersion = 7.2;
						LastSwiftMigration = 0810;
						TestTargetID = C2B7A5F51C7AB6D30083A7B0;
					};
					C2B7A6141C7AB6D40083A7B0 = {
						CreatedOnToolsVersion = 7.2;
						LastSwiftMigration = 0810;
						TestTargetID = C2B7A5F51C7AB6D30083A7B0;
					};
				};
			};
			buildConfigurationList = C2B7A5F11C7AB6D30083A7B0 /* Build configuration list for PBXProject "Pitch Perfect" */;
			compatibilityVersion = "Xcode 3.2";
			developmentRegion = English;
			hasScannedForEncodings = 0;
			knownRegions = (
				en,
				Base,
			);
			mainGroup = C2B7A5ED1C7AB6D30083A7B0;
			productRefGroup = C2B7A5F71C7AB6D40083A7B0 /* Products */;
			projectDirPath = "";
			projectRoot = "";
			targets = (
				C2B7A5F51C7AB6D30083A7B0 /* Pitch Perfect */,
				C2B7A6091C7AB6D40083A7B0 /* Pitch PerfectTests */,
				C2B7A6141C7AB6D40083A7B0 /* Pitch PerfectUITests */,
			);
		};
/* End PBXProject section */

/* Begin PBXResourcesBuildPhase section */
		C2B7A5F41C7AB6D30083A7B0 /* Resources */ = {
			isa = PBXResourcesBuildPhase;
			buildActionMask = 2147483647;
			files = (
				C2B7A6041C7AB6D40083A7B0 /* LaunchScreen.storyboard in Resources */,
				C2B7A6011C7AB6D40083A7B0 /* Assets.xcassets in Resources */,
				C2B7A5FF1C7AB6D40083A7B0 /* Main.storyboard in Resources */,
			);
			runOnlyForDeploymentPostprocessing = 0;
		};
		C2B7A6081C7AB6D40083A7B0 /* Resources */ = {
			isa = PBXResourcesBuildPhase;
			buildActionMask = 2147483647;
			files = (
			);
			runOnlyForDeploymentPostprocessing = 0;
		};
		C2B7A6131C7AB6D40083A7B0 /* Resources */ = {
			isa = PBXResourcesBuildPhase;
			buildActionMask = 2147483647;
			files = (
			);
			runOnlyForDeploymentPostprocessing = 0;
		};
/* End PBXResourcesBuildPhase section */

/* Begin PBXSourcesBuildPhase section */
		C2B7A5F21C7AB6D30083A7B0 /* Sources */ = {
			isa = PBXSourcesBuildPhase;
			buildActionMask = 2147483647;
			files = (
				C2B7A6281C7AC7C80083A7B0 /* PlaySoundsViewController.swift in Sources */,
				BB17AF401DC8A64100698B23 /* PlaySoundsViewController+Audio.swift in Sources */,
				C2B7A5FC1C7AB6D40083A7B0 /* RecordSoundsViewController.swift in Sources */,
				C2B7A5FA1C7AB6D40083A7B0 /* AppDelegate.swift in Sources */,
			);
			runOnlyForDeploymentPostprocessing = 0;
		};
		C2B7A6061C7AB6D40083A7B0 /* Sources */ = {
			isa = PBXSourcesBuildPhase;
			buildActionMask = 2147483647;
			files = (
				C2B7A60F1C7AB6D40083A7B0 /* Pitch_PerfectTests.swift in Sources */,
			);
			runOnlyForDeploymentPostprocessing = 0;
		};
		C2B7A6111C7AB6D40083A7B0 /* Sources */ = {
			isa = PBXSourcesBuildPhase;
			buildActionMask = 2147483647;
			files = (
				C2B7A61A1C7AB6D40083A7B0 /* Pitch_PerfectUITests.swift in Sources */,
			);
			runOnlyForDeploymentPostprocessing = 0;
		};
/* End PBXSourcesBuildPhase section */

/* Begin PBXTargetDependency section */
		C2B7A60C1C7AB6D40083A7B0 /* PBXTargetDependency */ = {
			isa = PBXTargetDependency;
			target = C2B7A5F51C7AB6D30083A7B0 /* Pitch Perfect */;
			targetProxy = C2B7A60B1C7AB6D40083A7B0 /* PBXContainerItemProxy */;
		};
		C2B7A6171C7AB6D40083A7B0 /* PBXTargetDependency */ = {
			isa = PBXTargetDependency;
			target = C2B7A5F51C7AB6D30083A7B0 /* Pitch Perfect */;
			targetProxy = C2B7A6161C7AB6D40083A7B0 /* PBXContainerItemProxy */;
		};
/* End PBXTargetDependency section */

/* Begin PBXVariantGroup section */
		C2B7A5FD1C7AB6D40083A7B0 /* Main.storyboard */ = {
			isa = PBXVariantGroup;
			children = (
				C2B7A5FE1C7AB6D40083A7B0 /* Base */,
			);
			name = Main.storyboard;
			sourceTree = "<group>";
		};
		C2B7A6021C7AB6D40083A7B0 /* LaunchScreen.storyboard */ = {
			isa = PBXVariantGroup;
			children = (
				C2B7A6031C7AB6D40083A7B0 /* Base */,
			);
			name = LaunchScreen.storyboard;
			sourceTree = "<group>";
		};
/* End PBXVariantGroup section */

/* Begin XCBuildConfiguration section */
		C2B7A61C1C7AB6D40083A7B0 /* Debug */ = {
			isa = XCBuildConfiguration;
			buildSettings = {
				ALWAYS_SEARCH_USER_PATHS = NO;
				CLANG_CXX_LANGUAGE_STANDARD = "gnu++0x";
				CLANG_CXX_LIBRARY = "libc++";
				CLANG_ENABLE_MODULES = YES;
				CLANG_ENABLE_OBJC_ARC = YES;
				CLANG_WARN_BOOL_CONVERSION = YES;
				CLANG_WARN_CONSTANT_CONVERSION = YES;
				CLANG_WARN_DIRECT_OBJC_ISA_USAGE = YES_ERROR;
				CLANG_WARN_EMPTY_BODY = YES;
				CLANG_WARN_ENUM_CONVERSION = YES;
				CLANG_WARN_INT_CONVERSION = YES;
				CLANG_WARN_OBJC_ROOT_CLASS = YES_ERROR;
				CLANG_WARN_UNREACHABLE_CODE = YES;
				CLANG_WARN__DUPLICATE_METHOD_MATCH = YES;
				"CODE_SIGN_IDENTITY[sdk=iphoneos*]" = "iPhone Developer";
				COPY_PHASE_STRIP = NO;
				DEBUG_INFORMATION_FORMAT = dwarf;
				ENABLE_STRICT_OBJC_MSGSEND = YES;
				ENABLE_TESTABILITY = YES;
				GCC_C_LANGUAGE_STANDARD = gnu99;
				GCC_DYNAMIC_NO_PIC = NO;
				GCC_NO_COMMON_BLOCKS = YES;
				GCC_OPTIMIZATION_LEVEL = 0;
				GCC_PREPROCESSOR_DEFINITIONS = (
					"DEBUG=1",
					"$(inherited)",
				);
				GCC_WARN_64_TO_32_BIT_CONVERSION = YES;
				GCC_WARN_ABOUT_RETURN_TYPE = YES_ERROR;
				GCC_WARN_UNDECLARED_SELECTOR = YES;
				GCC_WARN_UNINITIALIZED_AUTOS = YES_AGGRESSIVE;
				GCC_WARN_UNUSED_FUNCTION = YES;
				GCC_WARN_UNUSED_VARIABLE = YES;
				IPHONEOS_DEPLOYMENT_TARGET = 9.2;
				MTL_ENABLE_DEBUG_INFO = YES;
				ONLY_ACTIVE_ARCH = YES;
				SDKROOT = iphoneos;
				SWIFT_OPTIMIZATION_LEVEL = "-Onone";
			};
			name = Debug;
		};
		C2B7A61D1C7AB6D40083A7B0 /* Release */ = {
			isa = XCBuildConfiguration;
			buildSettings = {
				ALWAYS_SEARCH_USER_PATHS = NO;
				CLANG_CXX_LANGUAGE_STANDARD = "gnu++0x";
				CLANG_CXX_LIBRARY = "libc++";
				CLANG_ENABLE_MODULES = YES;
				CLANG_ENABLE_OBJC_ARC = YES;
				CLANG_WARN_BOOL_CONVERSION = YES;
				CLANG_WARN_CONSTANT_CONVERSION = YES;
				CLANG_WARN_DIRECT_OBJC_ISA_USAGE = YES_ERROR;
				CLANG_WARN_EMPTY_BODY = YES;
				CLANG_WARN_ENUM_CONVERSION = YES;
				CLANG_WARN_INT_CONVERSION = YES;
				CLANG_WARN_OBJC_ROOT_CLASS = YES_ERROR;
				CLANG_WARN_UNREACHABLE_CODE = YES;
				CLANG_WARN__DUPLICATE_METHOD_MATCH = YES;
				"CODE_SIGN_IDENTITY[sdk=iphoneos*]" = "iPhone Developer";
				COPY_PHASE_STRIP = NO;
				DEBUG_INFORMATION_FORMAT = "dwarf-with-dsym";
				ENABLE_NS_ASSERTIONS = NO;
				ENABLE_STRICT_OBJC_MSGSEND = YES;
				GCC_C_LANGUAGE_STANDARD = gnu99;
				GCC_NO_COMMON_BLOCKS = YES;
				GCC_WARN_64_TO_32_BIT_CONVERSION = YES;
				GCC_WARN_ABOUT_RETURN_TYPE = YES_ERROR;
				GCC_WARN_UNDECLARED_SELECTOR = YES;
				GCC_WARN_UNINITIALIZED_AUTOS = YES_AGGRESSIVE;
				GCC_WARN_UNUSED_FUNCTION = YES;
				GCC_WARN_UNUSED_VARIABLE = YES;
				IPHONEOS_DEPLOYMENT_TARGET = 9.2;
				MTL_ENABLE_DEBUG_INFO = NO;
				SDKROOT = iphoneos;
				VALIDATE_PRODUCT = YES;
			};
			name = Release;
		};
		C2B7A61F1C7AB6D40083A7B0 /* Debug */ = {
			isa = XCBuildConfiguration;
			buildSettings = {
				ASSETCATALOG_COMPILER_APPICON_NAME = AppIcon;
				DEVELOPMENT_TEAM = J5VXE76EPL;
				INFOPLIST_FILE = "Pitch Perfect/Info.plist";
				LD_RUNPATH_SEARCH_PATHS = "$(inherited) @executable_path/Frameworks";
				PRODUCT_BUNDLE_IDENTIFIER = "com.wohlig.Pitch-Perfect";
				PRODUCT_NAME = "$(TARGET_NAME)";
				SWIFT_VERSION = 3.0;
				TARGETED_DEVICE_FAMILY = "1,2";
			};
			name = Debug;
		};
		C2B7A6201C7AB6D40083A7B0 /* Release */ = {
			isa = XCBuildConfiguration;
			buildSettings = {
				ASSETCATALOG_COMPILER_APPICON_NAME = AppIcon;
				DEVELOPMENT_TEAM = J5VXE76EPL;
				INFOPLIST_FILE = "Pitch Perfect/Info.plist";
				LD_RUNPATH_SEARCH_PATHS = "$(inherited) @executable_path/Frameworks";
				PRODUCT_BUNDLE_IDENTIFIER = "com.wohlig.Pitch-Perfect";
				PRODUCT_NAME = "$(TARGET_NAME)";
				SWIFT_VERSION = 3.0;
				TARGETED_DEVICE_FAMILY = "1,2";
			};
			name = Release;
		};
		C2B7A6221C7AB6D40083A7B0 /* Debug */ = {
			isa = XCBuildConfiguration;
			buildSettings = {
				BUNDLE_LOADER = "$(TEST_HOST)";
				INFOPLIST_FILE = "Pitch PerfectTests/Info.plist";
				LD_RUNPATH_SEARCH_PATHS = "$(inherited) @executable_path/Frameworks @loader_path/Frameworks";
				PRODUCT_BUNDLE_IDENTIFIER = "com.wohlig.Pitch-PerfectTests";
				PRODUCT_NAME = "$(TARGET_NAME)";
				SWIFT_VERSION = 3.0;
				TEST_HOST = "$(BUILT_PRODUCTS_DIR)/Pitch Perfect.app/Pitch Perfect";
			};
			name = Debug;
		};
		C2B7A6231C7AB6D40083A7B0 /* Release */ = {
			isa = XCBuildConfiguration;
			buildSettings = {
				BUNDLE_LOADER = "$(TEST_HOST)";
				INFOPLIST_FILE = "Pitch PerfectTests/Info.plist";
				LD_RUNPATH_SEARCH_PATHS = "$(inherited) @executable_path/Frameworks @loader_path/Frameworks";
				PRODUCT_BUNDLE_IDENTIFIER = "com.wohlig.Pitch-PerfectTests";
				PRODUCT_NAME = "$(TARGET_NAME)";
				SWIFT_VERSION = 3.0;
				TEST_HOST = "$(BUILT_PRODUCTS_DIR)/Pitch Perfect.app/Pitch Perfect";
			};
			name = Release;
		};
		C2B7A6251C7AB6D40083A7B0 /* Debug */ = {
			isa = XCBuildConfiguration;
			buildSettings = {
				INFOPLIST_FILE = "Pitch PerfectUITests/Info.plist";
				LD_RUNPATH_SEARCH_PATHS = "$(inherited) @executable_path/Frameworks @loader_path/Frameworks";
				PRODUCT_BUNDLE_IDENTIFIER = "com.wohlig.Pitch-PerfectUITests";
				PRODUCT_NAME = "$(TARGET_NAME)";
				SWIFT_VERSION = 3.0;
				TEST_TARGET_NAME = "Pitch Perfect";
				USES_XCTRUNNER = YES;
			};
			name = Debug;
		};
		C2B7A6261C7AB6D40083A7B0 /* Release */ = {
			isa = XCBuildConfiguration;
			buildSettings = {
				INFOPLIST_FILE = "Pitch PerfectUITests/Info.plist";
				LD_RUNPATH_SEARCH_PATHS = "$(inherited) @executable_path/Frameworks @loader_path/Frameworks";
				PRODUCT_BUNDLE_IDENTIFIER = "com.wohlig.Pitch-PerfectUITests";
				PRODUCT_NAME = "$(TARGET_NAME)";
				SWIFT_VERSION = 3.0;
				TEST_TARGET_NAME = "Pitch Perfect";
				USES_XCTRUNNER = YES;
			};
			name = Release;
		};
/* End XCBuildConfiguration section */

/* Begin XCConfigurationList section */
		C2B7A5F11C7AB6D30083A7B0 /* Build configuration list for PBXProject "Pitch Perfect" */ = {
			isa = XCConfigurationList;
			buildConfigurations = (
				C2B7A61C1C7AB6D40083A7B0 /* Debug */,
				C2B7A61D1C7AB6D40083A7B0 /* Release */,
			);
			defaultConfigurationIsVisible = 0;
			defaultConfigurationName = Release;
		};
		C2B7A61E1C7AB6D40083A7B0 /* Build configuration list for PBXNativeTarget "Pitch Perfect" */ = {
			isa = XCConfigurationList;
			buildConfigurations = (
				C2B7A61F1C7AB6D40083A7B0 /* Debug */,
				C2B7A6201C7AB6D40083A7B0 /* Release */,
			);
			defaultConfigurationIsVisible = 0;
			defaultConfigurationName = Release;
		};
		C2B7A6211C7AB6D40083A7B0 /* Build configuration list for PBXNativeTarget "Pitch PerfectTests" */ = {
			isa = XCConfigurationList;
			buildConfigurations = (
				C2B7A6221C7AB6D40083A7B0 /* Debug */,
				C2B7A6231C7AB6D40083A7B0 /* Release */,
			);
			defaultConfigurationIsVisible = 0;
			defaultConfigurationName = Release;
		};
		C2B7A6241C7AB6D40083A7B0 /* Build configuration list for PBXNativeTarget "Pitch PerfectUITests" */ = {
			isa = XCConfigurationList;
			buildConfigurations = (
				C2B7A6251C7AB6D40083A7B0 /* Debug */,
				C2B7A6261C7AB6D40083A7B0 /* Release */,
			);
			defaultConfigurationIsVisible = 0;
			defaultConfigurationName = Release;
		};
/* End XCConfigurationList section */
	};
	rootObject = C2B7A5EE1C7AB6D30083A7B0 /* Project object */;
}
